github.com/jpanther/congo/v2 v2.2.2 h1:7MvPHxY9fP+DtIiAaCk1yYAgdndbPhLf6syDixIg1+A=
github.com/jpanther/congo/v2 v2.2.2/go.mod h1:1S7DRoO1ZYS4YUdFd1LjTkdyjQwsjFWd8TqSfz3Jd+M=
github.com/jpanther/congo/v2 v2.3.1 h1:klMXan3u9ix/OBN2jnQjdoaCkp2Qpqm/3D4G2+ccvvk=
github.com/jpanther/congo/v2 v2.3.1/go.mod h1:1S7DRoO1ZYS4YUdFd1LjTkdyjQwsjFWd8TqSfz3Jd+M=
github.com/jpanther/congo/v2 v2.5.4 h1:6SLJ5y1hXs2eu4Ce8HBT5YLLbnu0GE+CZ686p/2jRFw=
github.com/jpanther/congo/v2 v2.5.4/go.mod h1:1S7DRoO1ZYS4YUdFd1LjTkdyjQwsjFWd8TqSfz3Jd+M=
github.com/jpanther/congo/v2 v2.6.0 h1:0AS0YKxEdqiAxzE4dUm9aSzVTOGIZW5GzD5syOWmsKw=
github.com/jpanther/congo/v2 v2.6.0/go.mod h1:1S7DRoO1ZYS4YUdFd1LjTkdyjQwsjFWd8TqSfz3Jd+M=
github.com/jpanther/congo/v2 v2.7.4 h1:VQk57hz/eNiR0BVgL8u4r6K7Wa8kkP/bN5zV4lLQBHY=
github.com/jpanther/congo/v2 v2.7.4/go.mod h1:1S7DRoO1ZYS4YUdFd1LjTkdyjQwsjFWd8TqSfz3Jd+M=
